// !$*UTF8*$!
{
	archiveVersion = 1;
	classes = {
	};
	objectVersion = 46;
	objects = {

/* Begin PBXBuildFile section */
		5902527B1F0645B9004C9AB6 /* BaseURI.swift in Sources */ = {isa = PBXBuildFile; fileRef = 5902527A1F0645B9004C9AB6 /* BaseURI.swift */; };
		5902527D1F0647DD004C9AB6 /* Annotation.swift in Sources */ = {isa = PBXBuildFile; fileRef = 5902527C1F0647DD004C9AB6 /* Annotation.swift */; };
		590676A01F0A3B770022DFCE /* IncludeTests.swift in Sources */ = {isa = PBXBuildFile; fileRef = 5906769F1F0A3B770022DFCE /* IncludeTests.swift */; };
		591027A41F0E77F600C8A7D0 /* ResponseBody.swift in Sources */ = {isa = PBXBuildFile; fileRef = 591027A31F0E77F600C8A7D0 /* ResponseBody.swift */; };
		592FE03D1F14B296005DBF90 /* MediaTypeTests.swift in Sources */ = {isa = PBXBuildFile; fileRef = 592FE03C1F14B296005DBF90 /* MediaTypeTests.swift */; };
		5931CA181F1657F300B97672 /* SecuritySchemeUsage.swift in Sources */ = {isa = PBXBuildFile; fileRef = 5931CA171F1657F300B97672 /* SecuritySchemeUsage.swift */; };
		5931CA1A1F165C9200B97672 /* SecuritySchemeUsageTests.swift in Sources */ = {isa = PBXBuildFile; fileRef = 5931CA191F165C9200B97672 /* SecuritySchemeUsageTests.swift */; };
		59558E7D1F0687D300EEF042 /* Resource.swift in Sources */ = {isa = PBXBuildFile; fileRef = 59558E7C1F0687D300EEF042 /* Resource.swift */; };
		59558E7F1F069E1400EEF042 /* ResourceMethod.swift in Sources */ = {isa = PBXBuildFile; fileRef = 59558E7E1F069E1400EEF042 /* ResourceMethod.swift */; };
		597E55361F15FEAE0046A608 /* ResourceType.swift in Sources */ = {isa = PBXBuildFile; fileRef = 597E55351F15FEAE0046A608 /* ResourceType.swift */; };
		597E55381F1600470046A608 /* ResourceTypeTests.swift in Sources */ = {isa = PBXBuildFile; fileRef = 597E55371F1600470046A608 /* ResourceTypeTests.swift */; };
		5990964A1F16A687009B918E /* Library.swift in Sources */ = {isa = PBXBuildFile; fileRef = 599096491F16A687009B918E /* Library.swift */; };
		5990964C1F16A9BF009B918E /* LibraryTests.swift in Sources */ = {isa = PBXBuildFile; fileRef = 5990964B1F16A9BF009B918E /* LibraryTests.swift */; };
		59ADB3521F0658D80003B348 /* AnnotationType.swift in Sources */ = {isa = PBXBuildFile; fileRef = 59ADB3511F0658D80003B348 /* AnnotationType.swift */; };
		59ADB3541F0661C00003B348 /* AnnotationTypeProperty.swift in Sources */ = {isa = PBXBuildFile; fileRef = 59ADB3531F0661C00003B348 /* AnnotationTypeProperty.swift */; };
		59D1A0881F1F901100B5BF80 /* ResponseBodyTests.swift in Sources */ = {isa = PBXBuildFile; fileRef = 59D1A0871F1F901100B5BF80 /* ResponseBodyTests.swift */; };
		59D1A08A1F20940400B5BF80 /* ExampleTests.swift in Sources */ = {isa = PBXBuildFile; fileRef = 59D1A0891F20940400B5BF80 /* ExampleTests.swift */; };
		59D1A08C1F20A19300B5BF80 /* ResourceTypeUsage.swift in Sources */ = {isa = PBXBuildFile; fileRef = 59D1A08B1F20A19300B5BF80 /* ResourceTypeUsage.swift */; };
		59D3579E1F112E44003B6CE7 /* SecurityScheme.swift in Sources */ = {isa = PBXBuildFile; fileRef = 59D3579D1F112E44003B6CE7 /* SecurityScheme.swift */; };
		59D357A01F113021003B6CE7 /* SecuritySchemeDescription.swift in Sources */ = {isa = PBXBuildFile; fileRef = 59D3579F1F113021003B6CE7 /* SecuritySchemeDescription.swift */; };
		59D357A21F113043003B6CE7 /* SecuritySchemeSettings.swift in Sources */ = {isa = PBXBuildFile; fileRef = 59D357A11F113043003B6CE7 /* SecuritySchemeSettings.swift */; };
		59D357A61F11847C003B6CE7 /* SecuritySchemeTests.swift in Sources */ = {isa = PBXBuildFile; fileRef = 59D357A51F11847C003B6CE7 /* SecuritySchemeTests.swift */; };
		59D357AC1F1409AF003B6CE7 /* YamlExtenstions.swift in Sources */ = {isa = PBXBuildFile; fileRef = 59D357AB1F1409AF003B6CE7 /* YamlExtenstions.swift */; };
		59D357AE1F1411AB003B6CE7 /* ProtocolTests.swift in Sources */ = {isa = PBXBuildFile; fileRef = 59D357AD1F1411AB003B6CE7 /* ProtocolTests.swift */; };
		59D357B01F14121D003B6CE7 /* BaseURITests.swift in Sources */ = {isa = PBXBuildFile; fileRef = 59D357AF1F14121D003B6CE7 /* BaseURITests.swift */; };
		59D415E41F06D8C100247940 /* ResourceTests.swift in Sources */ = {isa = PBXBuildFile; fileRef = 59D415E31F06D8C100247940 /* ResourceTests.swift */; };
		59D415E61F06D97500247940 /* ResourceHeader.swift in Sources */ = {isa = PBXBuildFile; fileRef = 59D415E51F06D97500247940 /* ResourceHeader.swift */; };
		59D415E81F06DE7800247940 /* TraitDefiniton.swift in Sources */ = {isa = PBXBuildFile; fileRef = 59D415E71F06DE7800247940 /* TraitDefiniton.swift */; };
		59D415EA1F06E8E400247940 /* MethodResponse.swift in Sources */ = {isa = PBXBuildFile; fileRef = 59D415E91F06E8E400247940 /* MethodResponse.swift */; };
		59D415EC1F09003100247940 /* TraitTests.swift in Sources */ = {isa = PBXBuildFile; fileRef = 59D415EB1F09003100247940 /* TraitTests.swift */; };
		59D415EE1F09012800247940 /* TraitUsage.swift in Sources */ = {isa = PBXBuildFile; fileRef = 59D415ED1F09012800247940 /* TraitUsage.swift */; };
		59DF5C231F15225100C81ADF /* DefaultsTests.swift in Sources */ = {isa = PBXBuildFile; fileRef = 59DF5C221F15225100C81ADF /* DefaultsTests.swift */; };
		59F7CC761F1F64F9003DFBAF /* StringEnum.swift in Sources */ = {isa = PBXBuildFile; fileRef = 59F7CC751F1F64F9003DFBAF /* StringEnum.swift */; };
		59F7CC781F1F6E83003DFBAF /* QueryString.swift in Sources */ = {isa = PBXBuildFile; fileRef = 59F7CC771F1F6E83003DFBAF /* QueryString.swift */; };
		59F928A31F0F88AD003EE112 /* BodyMediaType.swift in Sources */ = {isa = PBXBuildFile; fileRef = 59F928A21F0F88AD003EE112 /* BodyMediaType.swift */; };
		OBJ_100 /* MediaType.swift in Sources */ = {isa = PBXBuildFile; fileRef = OBJ_11 /* MediaType.swift */; };
		OBJ_101 /* Property.swift in Sources */ = {isa = PBXBuildFile; fileRef = OBJ_12 /* Property.swift */; };
		OBJ_102 /* PropertyRestrictions.swift in Sources */ = {isa = PBXBuildFile; fileRef = OBJ_13 /* PropertyRestrictions.swift */; };
		OBJ_103 /* Protocols.swift in Sources */ = {isa = PBXBuildFile; fileRef = OBJ_14 /* Protocols.swift */; };
		OBJ_104 /* RAML+Include.swift in Sources */ = {isa = PBXBuildFile; fileRef = OBJ_15 /* RAML+Include.swift */; };
		OBJ_105 /* RAML+LoadFromString.swift in Sources */ = {isa = PBXBuildFile; fileRef = OBJ_16 /* RAML+LoadFromString.swift */; };
		OBJ_106 /* RAML.swift in Sources */ = {isa = PBXBuildFile; fileRef = OBJ_17 /* RAML.swift */; };
		OBJ_107 /* RAMLError.swift in Sources */ = {isa = PBXBuildFile; fileRef = OBJ_18 /* RAMLError.swift */; };
		OBJ_108 /* Type.swift in Sources */ = {isa = PBXBuildFile; fileRef = OBJ_19 /* Type.swift */; };
		OBJ_109 /* Example.swift in Sources */ = {isa = PBXBuildFile; fileRef = OBJ_20 /* Example.swift */; };
		OBJ_110 /* URIParameter.swift in Sources */ = {isa = PBXBuildFile; fileRef = OBJ_21 /* URIParameter.swift */; };
		OBJ_112 /* Yaml.framework in Frameworks */ = {isa = PBXBuildFile; fileRef = OBJ_52 /* Yaml.framework */; };
		OBJ_113 /* Spectre.framework in Frameworks */ = {isa = PBXBuildFile; fileRef = OBJ_53 /* Spectre.framework */; };
		OBJ_114 /* PathKit.framework in Frameworks */ = {isa = PBXBuildFile; fileRef = OBJ_54 /* PathKit.framework */; };
		OBJ_123 /* AnnotationTests.swift in Sources */ = {isa = PBXBuildFile; fileRef = OBJ_24 /* AnnotationTests.swift */; };
		OBJ_124 /* RAMLTests.swift in Sources */ = {isa = PBXBuildFile; fileRef = OBJ_25 /* RAMLTests.swift */; };
		OBJ_125 /* DataTypeTests.swift in Sources */ = {isa = PBXBuildFile; fileRef = OBJ_26 /* DataTypeTests.swift */; };
		OBJ_127 /* PropertyRestrictionTests.swift in Sources */ = {isa = PBXBuildFile; fileRef = OBJ_28 /* PropertyRestrictionTests.swift */; };
		OBJ_128 /* TypeTests.swift in Sources */ = {isa = PBXBuildFile; fileRef = OBJ_29 /* TypeTests.swift */; };
		OBJ_129 /* DocumentationTests.swift in Sources */ = {isa = PBXBuildFile; fileRef = OBJ_30 /* DocumentationTests.swift */; };
		OBJ_131 /* Yaml.framework in Frameworks */ = {isa = PBXBuildFile; fileRef = OBJ_52 /* Yaml.framework */; };
		OBJ_132 /* Spectre.framework in Frameworks */ = {isa = PBXBuildFile; fileRef = OBJ_53 /* Spectre.framework */; };
		OBJ_133 /* PathKit.framework in Frameworks */ = {isa = PBXBuildFile; fileRef = OBJ_54 /* PathKit.framework */; };
		OBJ_134 /* RAML.framework in Frameworks */ = {isa = PBXBuildFile; fileRef = OBJ_55 /* RAML.framework */; };
		OBJ_62 /* Yaml.swift in Sources */ = {isa = PBXBuildFile; fileRef = OBJ_45 /* Yaml.swift */; };
		OBJ_63 /* YAMLOperators.swift in Sources */ = {isa = PBXBuildFile; fileRef = OBJ_46 /* YAMLOperators.swift */; };
		OBJ_64 /* YAMLParser.swift in Sources */ = {isa = PBXBuildFile; fileRef = OBJ_47 /* YAMLParser.swift */; };
		OBJ_65 /* YAMLRegex.swift in Sources */ = {isa = PBXBuildFile; fileRef = OBJ_48 /* YAMLRegex.swift */; };
		OBJ_66 /* YAMLResult.swift in Sources */ = {isa = PBXBuildFile; fileRef = OBJ_49 /* YAMLResult.swift */; };
		OBJ_67 /* YAMLTokenizer.swift in Sources */ = {isa = PBXBuildFile; fileRef = OBJ_50 /* YAMLTokenizer.swift */; };
		OBJ_74 /* Case.swift in Sources */ = {isa = PBXBuildFile; fileRef = OBJ_35 /* Case.swift */; };
		OBJ_75 /* Context.swift in Sources */ = {isa = PBXBuildFile; fileRef = OBJ_36 /* Context.swift */; };
		OBJ_76 /* Expectation.swift in Sources */ = {isa = PBXBuildFile; fileRef = OBJ_37 /* Expectation.swift */; };
		OBJ_77 /* Failure.swift in Sources */ = {isa = PBXBuildFile; fileRef = OBJ_38 /* Failure.swift */; };
		OBJ_78 /* Global.swift in Sources */ = {isa = PBXBuildFile; fileRef = OBJ_39 /* Global.swift */; };
		OBJ_79 /* GlobalContext.swift in Sources */ = {isa = PBXBuildFile; fileRef = OBJ_40 /* GlobalContext.swift */; };
		OBJ_80 /* Reporter.swift in Sources */ = {isa = PBXBuildFile; fileRef = OBJ_41 /* Reporter.swift */; };
		OBJ_81 /* Reporters.swift in Sources */ = {isa = PBXBuildFile; fileRef = OBJ_42 /* Reporters.swift */; };
		OBJ_88 /* PathKit.swift in Sources */ = {isa = PBXBuildFile; fileRef = OBJ_33 /* PathKit.swift */; };
		OBJ_90 /* Spectre.framework in Frameworks */ = {isa = PBXBuildFile; fileRef = OBJ_53 /* Spectre.framework */; };
		OBJ_97 /* CollectionExtensions.swift in Sources */ = {isa = PBXBuildFile; fileRef = OBJ_8 /* CollectionExtensions.swift */; };
		OBJ_98 /* DataType.swift in Sources */ = {isa = PBXBuildFile; fileRef = OBJ_9 /* DataType.swift */; };
		OBJ_99 /* DocumentationEntry.swift in Sources */ = {isa = PBXBuildFile; fileRef = OBJ_10 /* DocumentationEntry.swift */; };
/* End PBXBuildFile section */

/* Begin PBXContainerItemProxy section */
		590252711F064532004C9AB6 /* PBXContainerItemProxy */ = {
			isa = PBXContainerItemProxy;
			containerPortal = OBJ_1 /* Project object */;
			proxyType = 1;
			remoteGlobalIDString = OBJ_69;
			remoteInfo = Spectre;
		};
		590252721F064532004C9AB6 /* PBXContainerItemProxy */ = {
			isa = PBXContainerItemProxy;
			containerPortal = OBJ_1 /* Project object */;
			proxyType = 1;
			remoteGlobalIDString = OBJ_57;
			remoteInfo = Yaml;
		};
		590252731F064532004C9AB6 /* PBXContainerItemProxy */ = {
			isa = PBXContainerItemProxy;
			containerPortal = OBJ_1 /* Project object */;
			proxyType = 1;
			remoteGlobalIDString = OBJ_69;
			remoteInfo = Spectre;
		};
		590252741F064532004C9AB6 /* PBXContainerItemProxy */ = {
			isa = PBXContainerItemProxy;
			containerPortal = OBJ_1 /* Project object */;
			proxyType = 1;
			remoteGlobalIDString = OBJ_83;
			remoteInfo = PathKit;
		};
		590252751F064532004C9AB6 /* PBXContainerItemProxy */ = {
			isa = PBXContainerItemProxy;
			containerPortal = OBJ_1 /* Project object */;
			proxyType = 1;
			remoteGlobalIDString = OBJ_57;
			remoteInfo = Yaml;
		};
		590252761F064532004C9AB6 /* PBXContainerItemProxy */ = {
			isa = PBXContainerItemProxy;
			containerPortal = OBJ_1 /* Project object */;
			proxyType = 1;
			remoteGlobalIDString = OBJ_69;
			remoteInfo = Spectre;
		};
		590252771F064532004C9AB6 /* PBXContainerItemProxy */ = {
			isa = PBXContainerItemProxy;
			containerPortal = OBJ_1 /* Project object */;
			proxyType = 1;
			remoteGlobalIDString = OBJ_83;
			remoteInfo = PathKit;
		};
		590252781F064532004C9AB6 /* PBXContainerItemProxy */ = {
			isa = PBXContainerItemProxy;
			containerPortal = OBJ_1 /* Project object */;
			proxyType = 1;
			remoteGlobalIDString = OBJ_92;
			remoteInfo = RAML;
		};
/* End PBXContainerItemProxy section */

/* Begin PBXFileReference section */
		5902527A1F0645B9004C9AB6 /* BaseURI.swift */ = {isa = PBXFileReference; lastKnownFileType = sourcecode.swift; path = BaseURI.swift; sourceTree = "<group>"; };
		5902527C1F0647DD004C9AB6 /* Annotation.swift */ = {isa = PBXFileReference; lastKnownFileType = sourcecode.swift; path = Annotation.swift; sourceTree = "<group>"; };
		5906769F1F0A3B770022DFCE /* IncludeTests.swift */ = {isa = PBXFileReference; lastKnownFileType = sourcecode.swift; path = IncludeTests.swift; sourceTree = "<group>"; };
		591027A31F0E77F600C8A7D0 /* ResponseBody.swift */ = {isa = PBXFileReference; lastKnownFileType = sourcecode.swift; path = ResponseBody.swift; sourceTree = "<group>"; };
		592FE03C1F14B296005DBF90 /* MediaTypeTests.swift */ = {isa = PBXFileReference; lastKnownFileType = sourcecode.swift; path = MediaTypeTests.swift; sourceTree = "<group>"; };
		5931CA171F1657F300B97672 /* SecuritySchemeUsage.swift */ = {isa = PBXFileReference; lastKnownFileType = sourcecode.swift; path = SecuritySchemeUsage.swift; sourceTree = "<group>"; };
		5931CA191F165C9200B97672 /* SecuritySchemeUsageTests.swift */ = {isa = PBXFileReference; lastKnownFileType = sourcecode.swift; path = SecuritySchemeUsageTests.swift; sourceTree = "<group>"; };
		59558E7C1F0687D300EEF042 /* Resource.swift */ = {isa = PBXFileReference; lastKnownFileType = sourcecode.swift; path = Resource.swift; sourceTree = "<group>"; };
		59558E7E1F069E1400EEF042 /* ResourceMethod.swift */ = {isa = PBXFileReference; lastKnownFileType = sourcecode.swift; path = ResourceMethod.swift; sourceTree = "<group>"; };
		597E55351F15FEAE0046A608 /* ResourceType.swift */ = {isa = PBXFileReference; lastKnownFileType = sourcecode.swift; path = ResourceType.swift; sourceTree = "<group>"; };
		597E55371F1600470046A608 /* ResourceTypeTests.swift */ = {isa = PBXFileReference; lastKnownFileType = sourcecode.swift; path = ResourceTypeTests.swift; sourceTree = "<group>"; };
		599096491F16A687009B918E /* Library.swift */ = {isa = PBXFileReference; lastKnownFileType = sourcecode.swift; path = Library.swift; sourceTree = "<group>"; };
		5990964B1F16A9BF009B918E /* LibraryTests.swift */ = {isa = PBXFileReference; lastKnownFileType = sourcecode.swift; path = LibraryTests.swift; sourceTree = "<group>"; };
		59ADB3511F0658D80003B348 /* AnnotationType.swift */ = {isa = PBXFileReference; lastKnownFileType = sourcecode.swift; path = AnnotationType.swift; sourceTree = "<group>"; };
		59ADB3531F0661C00003B348 /* AnnotationTypeProperty.swift */ = {isa = PBXFileReference; lastKnownFileType = sourcecode.swift; path = AnnotationTypeProperty.swift; sourceTree = "<group>"; };
		59D1A0871F1F901100B5BF80 /* ResponseBodyTests.swift */ = {isa = PBXFileReference; lastKnownFileType = sourcecode.swift; path = ResponseBodyTests.swift; sourceTree = "<group>"; };
		59D1A0891F20940400B5BF80 /* ExampleTests.swift */ = {isa = PBXFileReference; lastKnownFileType = sourcecode.swift; path = ExampleTests.swift; sourceTree = "<group>"; };
		59D1A08B1F20A19300B5BF80 /* ResourceTypeUsage.swift */ = {isa = PBXFileReference; lastKnownFileType = sourcecode.swift; path = ResourceTypeUsage.swift; sourceTree = "<group>"; };
		59D3579D1F112E44003B6CE7 /* SecurityScheme.swift */ = {isa = PBXFileReference; lastKnownFileType = sourcecode.swift; path = SecurityScheme.swift; sourceTree = "<group>"; };
		59D3579F1F113021003B6CE7 /* SecuritySchemeDescription.swift */ = {isa = PBXFileReference; lastKnownFileType = sourcecode.swift; path = SecuritySchemeDescription.swift; sourceTree = "<group>"; };
		59D357A11F113043003B6CE7 /* SecuritySchemeSettings.swift */ = {isa = PBXFileReference; lastKnownFileType = sourcecode.swift; path = SecuritySchemeSettings.swift; sourceTree = "<group>"; };
		59D357A51F11847C003B6CE7 /* SecuritySchemeTests.swift */ = {isa = PBXFileReference; lastKnownFileType = sourcecode.swift; path = SecuritySchemeTests.swift; sourceTree = "<group>"; };
		59D357AB1F1409AF003B6CE7 /* YamlExtenstions.swift */ = {isa = PBXFileReference; lastKnownFileType = sourcecode.swift; path = YamlExtenstions.swift; sourceTree = "<group>"; };
		59D357AD1F1411AB003B6CE7 /* ProtocolTests.swift */ = {isa = PBXFileReference; lastKnownFileType = sourcecode.swift; path = ProtocolTests.swift; sourceTree = "<group>"; };
		59D357AF1F14121D003B6CE7 /* BaseURITests.swift */ = {isa = PBXFileReference; lastKnownFileType = sourcecode.swift; path = BaseURITests.swift; sourceTree = "<group>"; };
		59D415E31F06D8C100247940 /* ResourceTests.swift */ = {isa = PBXFileReference; lastKnownFileType = sourcecode.swift; path = ResourceTests.swift; sourceTree = "<group>"; };
		59D415E51F06D97500247940 /* ResourceHeader.swift */ = {isa = PBXFileReference; lastKnownFileType = sourcecode.swift; path = ResourceHeader.swift; sourceTree = "<group>"; };
		59D415E71F06DE7800247940 /* TraitDefiniton.swift */ = {isa = PBXFileReference; lastKnownFileType = sourcecode.swift; path = TraitDefiniton.swift; sourceTree = "<group>"; };
		59D415E91F06E8E400247940 /* MethodResponse.swift */ = {isa = PBXFileReference; lastKnownFileType = sourcecode.swift; path = MethodResponse.swift; sourceTree = "<group>"; };
		59D415EB1F09003100247940 /* TraitTests.swift */ = {isa = PBXFileReference; lastKnownFileType = sourcecode.swift; path = TraitTests.swift; sourceTree = "<group>"; };
		59D415ED1F09012800247940 /* TraitUsage.swift */ = {isa = PBXFileReference; lastKnownFileType = sourcecode.swift; path = TraitUsage.swift; sourceTree = "<group>"; };
		59DF5C221F15225100C81ADF /* DefaultsTests.swift */ = {isa = PBXFileReference; lastKnownFileType = sourcecode.swift; path = DefaultsTests.swift; sourceTree = "<group>"; };
		59F7CC751F1F64F9003DFBAF /* StringEnum.swift */ = {isa = PBXFileReference; lastKnownFileType = sourcecode.swift; path = StringEnum.swift; sourceTree = "<group>"; };
		59F7CC771F1F6E83003DFBAF /* QueryString.swift */ = {isa = PBXFileReference; lastKnownFileType = sourcecode.swift; path = QueryString.swift; sourceTree = "<group>"; };
		59F928A21F0F88AD003EE112 /* BodyMediaType.swift */ = {isa = PBXFileReference; lastKnownFileType = sourcecode.swift; path = BodyMediaType.swift; sourceTree = "<group>"; };
		OBJ_10 /* DocumentationEntry.swift */ = {isa = PBXFileReference; lastKnownFileType = sourcecode.swift; path = DocumentationEntry.swift; sourceTree = "<group>"; };
		OBJ_11 /* MediaType.swift */ = {isa = PBXFileReference; lastKnownFileType = sourcecode.swift; path = MediaType.swift; sourceTree = "<group>"; };
		OBJ_12 /* Property.swift */ = {isa = PBXFileReference; lastKnownFileType = sourcecode.swift; path = Property.swift; sourceTree = "<group>"; };
		OBJ_13 /* PropertyRestrictions.swift */ = {isa = PBXFileReference; lastKnownFileType = sourcecode.swift; path = PropertyRestrictions.swift; sourceTree = "<group>"; };
		OBJ_14 /* Protocols.swift */ = {isa = PBXFileReference; lastKnownFileType = sourcecode.swift; path = Protocols.swift; sourceTree = "<group>"; };
		OBJ_15 /* RAML+Include.swift */ = {isa = PBXFileReference; lastKnownFileType = sourcecode.swift; path = "RAML+Include.swift"; sourceTree = "<group>"; };
		OBJ_16 /* RAML+LoadFromString.swift */ = {isa = PBXFileReference; lastKnownFileType = sourcecode.swift; path = "RAML+LoadFromString.swift"; sourceTree = "<group>"; };
		OBJ_17 /* RAML.swift */ = {isa = PBXFileReference; lastKnownFileType = sourcecode.swift; path = RAML.swift; sourceTree = "<group>"; };
		OBJ_18 /* RAMLError.swift */ = {isa = PBXFileReference; lastKnownFileType = sourcecode.swift; path = RAMLError.swift; sourceTree = "<group>"; };
		OBJ_19 /* Type.swift */ = {isa = PBXFileReference; lastKnownFileType = sourcecode.swift; path = Type.swift; sourceTree = "<group>"; };
		OBJ_20 /* Example.swift */ = {isa = PBXFileReference; lastKnownFileType = sourcecode.swift; path = Example.swift; sourceTree = "<group>"; };
		OBJ_21 /* URIParameter.swift */ = {isa = PBXFileReference; lastKnownFileType = sourcecode.swift; path = URIParameter.swift; sourceTree = "<group>"; };
		OBJ_24 /* AnnotationTests.swift */ = {isa = PBXFileReference; lastKnownFileType = sourcecode.swift; path = AnnotationTests.swift; sourceTree = "<group>"; };
		OBJ_25 /* RAMLTests.swift */ = {isa = PBXFileReference; lastKnownFileType = sourcecode.swift; path = RAMLTests.swift; sourceTree = "<group>"; };
		OBJ_26 /* DataTypeTests.swift */ = {isa = PBXFileReference; lastKnownFileType = sourcecode.swift; path = DataTypeTests.swift; sourceTree = "<group>"; };
		OBJ_28 /* PropertyRestrictionTests.swift */ = {isa = PBXFileReference; lastKnownFileType = sourcecode.swift; path = PropertyRestrictionTests.swift; sourceTree = "<group>"; };
		OBJ_29 /* TypeTests.swift */ = {isa = PBXFileReference; lastKnownFileType = sourcecode.swift; path = TypeTests.swift; sourceTree = "<group>"; };
		OBJ_30 /* DocumentationTests.swift */ = {isa = PBXFileReference; lastKnownFileType = sourcecode.swift; path = DocumentationTests.swift; sourceTree = "<group>"; };
		OBJ_33 /* PathKit.swift */ = {isa = PBXFileReference; lastKnownFileType = sourcecode.swift; path = PathKit.swift; sourceTree = "<group>"; };
		OBJ_35 /* Case.swift */ = {isa = PBXFileReference; lastKnownFileType = sourcecode.swift; path = Case.swift; sourceTree = "<group>"; };
		OBJ_36 /* Context.swift */ = {isa = PBXFileReference; lastKnownFileType = sourcecode.swift; path = Context.swift; sourceTree = "<group>"; };
		OBJ_37 /* Expectation.swift */ = {isa = PBXFileReference; lastKnownFileType = sourcecode.swift; path = Expectation.swift; sourceTree = "<group>"; };
		OBJ_38 /* Failure.swift */ = {isa = PBXFileReference; lastKnownFileType = sourcecode.swift; path = Failure.swift; sourceTree = "<group>"; };
		OBJ_39 /* Global.swift */ = {isa = PBXFileReference; lastKnownFileType = sourcecode.swift; path = Global.swift; sourceTree = "<group>"; };
		OBJ_40 /* GlobalContext.swift */ = {isa = PBXFileReference; lastKnownFileType = sourcecode.swift; path = GlobalContext.swift; sourceTree = "<group>"; };
		OBJ_41 /* Reporter.swift */ = {isa = PBXFileReference; lastKnownFileType = sourcecode.swift; path = Reporter.swift; sourceTree = "<group>"; };
		OBJ_42 /* Reporters.swift */ = {isa = PBXFileReference; lastKnownFileType = sourcecode.swift; path = Reporters.swift; sourceTree = "<group>"; };
		OBJ_45 /* Yaml.swift */ = {isa = PBXFileReference; lastKnownFileType = sourcecode.swift; path = Yaml.swift; sourceTree = "<group>"; };
		OBJ_46 /* YAMLOperators.swift */ = {isa = PBXFileReference; lastKnownFileType = sourcecode.swift; path = YAMLOperators.swift; sourceTree = "<group>"; };
		OBJ_47 /* YAMLParser.swift */ = {isa = PBXFileReference; lastKnownFileType = sourcecode.swift; path = YAMLParser.swift; sourceTree = "<group>"; };
		OBJ_48 /* YAMLRegex.swift */ = {isa = PBXFileReference; lastKnownFileType = sourcecode.swift; path = YAMLRegex.swift; sourceTree = "<group>"; };
		OBJ_49 /* YAMLResult.swift */ = {isa = PBXFileReference; lastKnownFileType = sourcecode.swift; path = YAMLResult.swift; sourceTree = "<group>"; };
		OBJ_50 /* YAMLTokenizer.swift */ = {isa = PBXFileReference; lastKnownFileType = sourcecode.swift; path = YAMLTokenizer.swift; sourceTree = "<group>"; };
		OBJ_52 /* Yaml.framework */ = {isa = PBXFileReference; explicitFileType = wrapper.framework; path = Yaml.framework; sourceTree = BUILT_PRODUCTS_DIR; };
		OBJ_53 /* Spectre.framework */ = {isa = PBXFileReference; explicitFileType = wrapper.framework; path = Spectre.framework; sourceTree = BUILT_PRODUCTS_DIR; };
		OBJ_54 /* PathKit.framework */ = {isa = PBXFileReference; explicitFileType = wrapper.framework; path = PathKit.framework; sourceTree = BUILT_PRODUCTS_DIR; };
		OBJ_55 /* RAML.framework */ = {isa = PBXFileReference; explicitFileType = wrapper.framework; path = RAML.framework; sourceTree = BUILT_PRODUCTS_DIR; };
		OBJ_56 /* RAMLTests.xctest */ = {isa = PBXFileReference; lastKnownFileType = file; path = RAMLTests.xctest; sourceTree = BUILT_PRODUCTS_DIR; };
		OBJ_6 /* Package.swift */ = {isa = PBXFileReference; explicitFileType = sourcecode.swift; path = Package.swift; sourceTree = "<group>"; };
		OBJ_8 /* CollectionExtensions.swift */ = {isa = PBXFileReference; lastKnownFileType = sourcecode.swift; path = CollectionExtensions.swift; sourceTree = "<group>"; };
		OBJ_9 /* DataType.swift */ = {isa = PBXFileReference; lastKnownFileType = sourcecode.swift; path = DataType.swift; sourceTree = "<group>"; };
/* End PBXFileReference section */

/* Begin PBXFrameworksBuildPhase section */
		OBJ_111 /* Frameworks */ = {
			isa = PBXFrameworksBuildPhase;
			buildActionMask = 0;
			files = (
				OBJ_112 /* Yaml.framework in Frameworks */,
				OBJ_113 /* Spectre.framework in Frameworks */,
				OBJ_114 /* PathKit.framework in Frameworks */,
			);
			runOnlyForDeploymentPostprocessing = 0;
		};
		OBJ_130 /* Frameworks */ = {
			isa = PBXFrameworksBuildPhase;
			buildActionMask = 0;
			files = (
				OBJ_131 /* Yaml.framework in Frameworks */,
				OBJ_132 /* Spectre.framework in Frameworks */,
				OBJ_133 /* PathKit.framework in Frameworks */,
				OBJ_134 /* RAML.framework in Frameworks */,
			);
			runOnlyForDeploymentPostprocessing = 0;
		};
		OBJ_68 /* Frameworks */ = {
			isa = PBXFrameworksBuildPhase;
			buildActionMask = 0;
			files = (
			);
			runOnlyForDeploymentPostprocessing = 0;
		};
		OBJ_82 /* Frameworks */ = {
			isa = PBXFrameworksBuildPhase;
			buildActionMask = 0;
			files = (
			);
			runOnlyForDeploymentPostprocessing = 0;
		};
		OBJ_89 /* Frameworks */ = {
			isa = PBXFrameworksBuildPhase;
			buildActionMask = 0;
			files = (
				OBJ_90 /* Spectre.framework in Frameworks */,
			);
			runOnlyForDeploymentPostprocessing = 0;
		};
/* End PBXFrameworksBuildPhase section */

/* Begin PBXGroup section */
		OBJ_22 /* Tests */ = {
			isa = PBXGroup;
			children = (
				OBJ_23 /* RAMLTests */,
			);
			name = Tests;
			sourceTree = SOURCE_ROOT;
		};
		OBJ_23 /* RAMLTests */ = {
			isa = PBXGroup;
			children = (
				OBJ_25 /* RAMLTests.swift */,
				59D357AD1F1411AB003B6CE7 /* ProtocolTests.swift */,
				59D357AF1F14121D003B6CE7 /* BaseURITests.swift */,
				592FE03C1F14B296005DBF90 /* MediaTypeTests.swift */,
				OBJ_24 /* AnnotationTests.swift */,
				OBJ_26 /* DataTypeTests.swift */,
				OBJ_28 /* PropertyRestrictionTests.swift */,
				OBJ_29 /* TypeTests.swift */,
				OBJ_30 /* DocumentationTests.swift */,
				59D415E31F06D8C100247940 /* ResourceTests.swift */,
				59D1A0871F1F901100B5BF80 /* ResponseBodyTests.swift */,
				59D415EB1F09003100247940 /* TraitTests.swift */,
				5906769F1F0A3B770022DFCE /* IncludeTests.swift */,
				59D357A51F11847C003B6CE7 /* SecuritySchemeTests.swift */,
				5931CA191F165C9200B97672 /* SecuritySchemeUsageTests.swift */,
				59DF5C221F15225100C81ADF /* DefaultsTests.swift */,
				597E55371F1600470046A608 /* ResourceTypeTests.swift */,
				5990964B1F16A9BF009B918E /* LibraryTests.swift */,
				59D1A0891F20940400B5BF80 /* ExampleTests.swift */,
			);
			name = RAMLTests;
			path = Tests/RAMLTests;
			sourceTree = SOURCE_ROOT;
		};
		OBJ_31 /* Dependencies */ = {
			isa = PBXGroup;
			children = (
				OBJ_32 /* PathKit 0.8.0 */,
				OBJ_34 /* Spectre 0.7.2 */,
				OBJ_43 /* Yaml 3.4.0 */,
			);
			name = Dependencies;
			sourceTree = "<group>";
		};
		OBJ_32 /* PathKit 0.8.0 */ = {
			isa = PBXGroup;
			children = (
				OBJ_33 /* PathKit.swift */,
			);
			name = "PathKit 0.8.0";
			path = ".build/checkouts/PathKit.git--1865447967743163058/Sources";
			sourceTree = SOURCE_ROOT;
		};
		OBJ_34 /* Spectre 0.7.2 */ = {
			isa = PBXGroup;
			children = (
				OBJ_35 /* Case.swift */,
				OBJ_36 /* Context.swift */,
				OBJ_37 /* Expectation.swift */,
				OBJ_38 /* Failure.swift */,
				OBJ_39 /* Global.swift */,
				OBJ_40 /* GlobalContext.swift */,
				OBJ_41 /* Reporter.swift */,
				OBJ_42 /* Reporters.swift */,
			);
			name = "Spectre 0.7.2";
			path = ".build/checkouts/Spectre.git--7655155069707042687/Sources";
			sourceTree = SOURCE_ROOT;
		};
		OBJ_43 /* Yaml 3.4.0 */ = {
			isa = PBXGroup;
			children = (
				OBJ_44 /* Yaml */,
			);
			name = "Yaml 3.4.0";
			sourceTree = SOURCE_ROOT;
		};
		OBJ_44 /* Yaml */ = {
			isa = PBXGroup;
			children = (
				OBJ_45 /* Yaml.swift */,
				OBJ_46 /* YAMLOperators.swift */,
				OBJ_47 /* YAMLParser.swift */,
				OBJ_48 /* YAMLRegex.swift */,
				OBJ_49 /* YAMLResult.swift */,
				OBJ_50 /* YAMLTokenizer.swift */,
			);
			name = Yaml;
			path = ".build/checkouts/YamlSwift.git-7415335214681294347/Sources/Yaml";
			sourceTree = SOURCE_ROOT;
		};
		OBJ_5 = {
			isa = PBXGroup;
			children = (
				OBJ_6 /* Package.swift */,
				OBJ_7 /* Sources */,
				OBJ_22 /* Tests */,
				OBJ_31 /* Dependencies */,
				OBJ_51 /* Products */,
			);
			sourceTree = "<group>";
		};
		OBJ_51 /* Products */ = {
			isa = PBXGroup;
			children = (
				OBJ_52 /* Yaml.framework */,
				OBJ_53 /* Spectre.framework */,
				OBJ_54 /* PathKit.framework */,
				OBJ_55 /* RAML.framework */,
				OBJ_56 /* RAMLTests.xctest */,
			);
			name = Products;
			sourceTree = BUILT_PRODUCTS_DIR;
		};
		OBJ_7 /* Sources */ = {
			isa = PBXGroup;
			children = (
				OBJ_8 /* CollectionExtensions.swift */,
				59D357AB1F1409AF003B6CE7 /* YamlExtenstions.swift */,
				OBJ_9 /* DataType.swift */,
				OBJ_10 /* DocumentationEntry.swift */,
				OBJ_11 /* MediaType.swift */,
				OBJ_12 /* Property.swift */,
				OBJ_13 /* PropertyRestrictions.swift */,
				OBJ_14 /* Protocols.swift */,
				OBJ_15 /* RAML+Include.swift */,
				OBJ_16 /* RAML+LoadFromString.swift */,
				OBJ_17 /* RAML.swift */,
				OBJ_18 /* RAMLError.swift */,
				OBJ_19 /* Type.swift */,
				OBJ_20 /* Example.swift */,
				OBJ_21 /* URIParameter.swift */,
				5902527A1F0645B9004C9AB6 /* BaseURI.swift */,
				5902527C1F0647DD004C9AB6 /* Annotation.swift */,
				59ADB3511F0658D80003B348 /* AnnotationType.swift */,
				59ADB3531F0661C00003B348 /* AnnotationTypeProperty.swift */,
				59558E7C1F0687D300EEF042 /* Resource.swift */,
				59558E7E1F069E1400EEF042 /* ResourceMethod.swift */,
				59D415E91F06E8E400247940 /* MethodResponse.swift */,
				591027A31F0E77F600C8A7D0 /* ResponseBody.swift */,
				59F928A21F0F88AD003EE112 /* BodyMediaType.swift */,
				59D415E71F06DE7800247940 /* TraitDefiniton.swift */,
				59D415ED1F09012800247940 /* TraitUsage.swift */,
				59D415E51F06D97500247940 /* ResourceHeader.swift */,
				59D3579D1F112E44003B6CE7 /* SecurityScheme.swift */,
				59D3579F1F113021003B6CE7 /* SecuritySchemeDescription.swift */,
				59D357A11F113043003B6CE7 /* SecuritySchemeSettings.swift */,
				597E55351F15FEAE0046A608 /* ResourceType.swift */,
				59D1A08B1F20A19300B5BF80 /* ResourceTypeUsage.swift */,
				5931CA171F1657F300B97672 /* SecuritySchemeUsage.swift */,
				599096491F16A687009B918E /* Library.swift */,
				59F7CC751F1F64F9003DFBAF /* StringEnum.swift */,
				59F7CC771F1F6E83003DFBAF /* QueryString.swift */,
			);
			path = Sources;
			sourceTree = SOURCE_ROOT;
		};
/* End PBXGroup section */

/* Begin PBXNativeTarget section */
		OBJ_118 /* RAMLTests */ = {
			isa = PBXNativeTarget;
			buildConfigurationList = OBJ_119 /* Build configuration list for PBXNativeTarget "RAMLTests" */;
			buildPhases = (
				OBJ_122 /* Sources */,
				OBJ_130 /* Frameworks */,
				590252791F064577004C9AB6 /* ShellScript */,
			);
			buildRules = (
			);
			dependencies = (
				OBJ_135 /* PBXTargetDependency */,
				OBJ_136 /* PBXTargetDependency */,
				OBJ_137 /* PBXTargetDependency */,
				OBJ_138 /* PBXTargetDependency */,
			);
			name = RAMLTests;
			productName = RAMLTests;
			productReference = OBJ_56 /* RAMLTests.xctest */;
			productType = "com.apple.product-type.bundle.unit-test";
		};
		OBJ_57 /* Yaml */ = {
			isa = PBXNativeTarget;
			buildConfigurationList = OBJ_58 /* Build configuration list for PBXNativeTarget "Yaml" */;
			buildPhases = (
				OBJ_61 /* Sources */,
				OBJ_68 /* Frameworks */,
			);
			buildRules = (
			);
			dependencies = (
			);
			name = Yaml;
			productName = Yaml;
			productReference = OBJ_52 /* Yaml.framework */;
			productType = "com.apple.product-type.framework";
		};
		OBJ_69 /* Spectre */ = {
			isa = PBXNativeTarget;
			buildConfigurationList = OBJ_70 /* Build configuration list for PBXNativeTarget "Spectre" */;
			buildPhases = (
				OBJ_73 /* Sources */,
				OBJ_82 /* Frameworks */,
			);
			buildRules = (
			);
			dependencies = (
			);
			name = Spectre;
			productName = Spectre;
			productReference = OBJ_53 /* Spectre.framework */;
			productType = "com.apple.product-type.framework";
		};
		OBJ_83 /* PathKit */ = {
			isa = PBXNativeTarget;
			buildConfigurationList = OBJ_84 /* Build configuration list for PBXNativeTarget "PathKit" */;
			buildPhases = (
				OBJ_87 /* Sources */,
				OBJ_89 /* Frameworks */,
			);
			buildRules = (
			);
			dependencies = (
				OBJ_91 /* PBXTargetDependency */,
			);
			name = PathKit;
			productName = PathKit;
			productReference = OBJ_54 /* PathKit.framework */;
			productType = "com.apple.product-type.framework";
		};
		OBJ_92 /* RAML */ = {
			isa = PBXNativeTarget;
			buildConfigurationList = OBJ_93 /* Build configuration list for PBXNativeTarget "RAML" */;
			buildPhases = (
				OBJ_96 /* Sources */,
				OBJ_111 /* Frameworks */,
			);
			buildRules = (
			);
			dependencies = (
				OBJ_115 /* PBXTargetDependency */,
				OBJ_116 /* PBXTargetDependency */,
				OBJ_117 /* PBXTargetDependency */,
			);
			name = RAML;
			productName = RAML;
			productReference = OBJ_55 /* RAML.framework */;
			productType = "com.apple.product-type.framework";
		};
/* End PBXNativeTarget section */

/* Begin PBXProject section */
		OBJ_1 /* Project object */ = {
			isa = PBXProject;
			attributes = {
				LastUpgradeCheck = 9999;
			};
			buildConfigurationList = OBJ_2 /* Build configuration list for PBXProject "RAML" */;
			compatibilityVersion = "Xcode 3.2";
			developmentRegion = English;
			hasScannedForEncodings = 0;
			knownRegions = (
				en,
			);
			mainGroup = OBJ_5;
			productRefGroup = OBJ_51 /* Products */;
			projectDirPath = "";
			projectRoot = "";
			targets = (
				OBJ_57 /* Yaml */,
				OBJ_69 /* Spectre */,
				OBJ_83 /* PathKit */,
				OBJ_92 /* RAML */,
				OBJ_118 /* RAMLTests */,
			);
		};
/* End PBXProject section */

/* Begin PBXShellScriptBuildPhase section */
		590252791F064577004C9AB6 /* ShellScript */ = {
			isa = PBXShellScriptBuildPhase;
			buildActionMask = 2147483647;
			files = (
			);
			inputPaths = (
			);
			outputPaths = (
			);
			runOnlyForDeploymentPostprocessing = 0;
			shellPath = /bin/sh;
			shellScript = "export SOURCE=\"$PROJECT_DIR/Tests/RAMLTests/TestData\"\nexport DESTINATION=${BUILT_PRODUCTS_DIR}/${EXECUTABLE_NAME}.xctest/Contents/Resources/\necho \"Copy from $SOURCE to $DESTINATION\"\ncp -r $SOURCE $DESTINATION";
		};
/* End PBXShellScriptBuildPhase section */

/* Begin PBXSourcesBuildPhase section */
		OBJ_122 /* Sources */ = {
			isa = PBXSourcesBuildPhase;
			buildActionMask = 0;
			files = (
				59D415E41F06D8C100247940 /* ResourceTests.swift in Sources */,
				OBJ_123 /* AnnotationTests.swift in Sources */,
				OBJ_124 /* RAMLTests.swift in Sources */,
				59D357AE1F1411AB003B6CE7 /* ProtocolTests.swift in Sources */,
				59D357B01F14121D003B6CE7 /* BaseURITests.swift in Sources */,
				59DF5C231F15225100C81ADF /* DefaultsTests.swift in Sources */,
				OBJ_125 /* DataTypeTests.swift in Sources */,
				597E55381F1600470046A608 /* ResourceTypeTests.swift in Sources */,
				OBJ_127 /* PropertyRestrictionTests.swift in Sources */,
				59D357A61F11847C003B6CE7 /* SecuritySchemeTests.swift in Sources */,
				OBJ_128 /* TypeTests.swift in Sources */,
				5990964C1F16A9BF009B918E /* LibraryTests.swift in Sources */,
				59D1A08A1F20940400B5BF80 /* ExampleTests.swift in Sources */,
				592FE03D1F14B296005DBF90 /* MediaTypeTests.swift in Sources */,
				OBJ_129 /* DocumentationTests.swift in Sources */,
				59D1A0881F1F901100B5BF80 /* ResponseBodyTests.swift in Sources */,
				59D415EC1F09003100247940 /* TraitTests.swift in Sources */,
				5931CA1A1F165C9200B97672 /* SecuritySchemeUsageTests.swift in Sources */,
				590676A01F0A3B770022DFCE /* IncludeTests.swift in Sources */,
			);
			runOnlyForDeploymentPostprocessing = 0;
		};
		OBJ_61 /* Sources */ = {
			isa = PBXSourcesBuildPhase;
			buildActionMask = 0;
			files = (
				OBJ_62 /* Yaml.swift in Sources */,
				OBJ_63 /* YAMLOperators.swift in Sources */,
				OBJ_64 /* YAMLParser.swift in Sources */,
				OBJ_65 /* YAMLRegex.swift in Sources */,
				OBJ_66 /* YAMLResult.swift in Sources */,
				OBJ_67 /* YAMLTokenizer.swift in Sources */,
			);
			runOnlyForDeploymentPostprocessing = 0;
		};
		OBJ_73 /* Sources */ = {
			isa = PBXSourcesBuildPhase;
			buildActionMask = 0;
			files = (
				OBJ_74 /* Case.swift in Sources */,
				OBJ_75 /* Context.swift in Sources */,
				OBJ_76 /* Expectation.swift in Sources */,
				OBJ_77 /* Failure.swift in Sources */,
				OBJ_78 /* Global.swift in Sources */,
				OBJ_79 /* GlobalContext.swift in Sources */,
				OBJ_80 /* Reporter.swift in Sources */,
				OBJ_81 /* Reporters.swift in Sources */,
			);
			runOnlyForDeploymentPostprocessing = 0;
		};
		OBJ_87 /* Sources */ = {
			isa = PBXSourcesBuildPhase;
			buildActionMask = 0;
			files = (
				OBJ_88 /* PathKit.swift in Sources */,
			);
			runOnlyForDeploymentPostprocessing = 0;
		};
		OBJ_96 /* Sources */ = {
			isa = PBXSourcesBuildPhase;
			buildActionMask = 0;
			files = (
				59558E7F1F069E1400EEF042 /* ResourceMethod.swift in Sources */,
				OBJ_97 /* CollectionExtensions.swift in Sources */,
				OBJ_98 /* DataType.swift in Sources */,
				5902527B1F0645B9004C9AB6 /* BaseURI.swift in Sources */,
				59F928A31F0F88AD003EE112 /* BodyMediaType.swift in Sources */,
				OBJ_99 /* DocumentationEntry.swift in Sources */,
				59D415EA1F06E8E400247940 /* MethodResponse.swift in Sources */,
				59D357AC1F1409AF003B6CE7 /* YamlExtenstions.swift in Sources */,
				59D357A21F113043003B6CE7 /* SecuritySchemeSettings.swift in Sources */,
				59D3579E1F112E44003B6CE7 /* SecurityScheme.swift in Sources */,
				59ADB3521F0658D80003B348 /* AnnotationType.swift in Sources */,
				OBJ_100 /* MediaType.swift in Sources */,
				597E55361F15FEAE0046A608 /* ResourceType.swift in Sources */,
				59F7CC761F1F64F9003DFBAF /* StringEnum.swift in Sources */,
				OBJ_101 /* Property.swift in Sources */,
				59D415E81F06DE7800247940 /* TraitDefiniton.swift in Sources */,
				5902527D1F0647DD004C9AB6 /* Annotation.swift in Sources */,
				OBJ_102 /* PropertyRestrictions.swift in Sources */,
				59D415EE1F09012800247940 /* TraitUsage.swift in Sources */,
				59D357A01F113021003B6CE7 /* SecuritySchemeDescription.swift in Sources */,
				591027A41F0E77F600C8A7D0 /* ResponseBody.swift in Sources */,
				5990964A1F16A687009B918E /* Library.swift in Sources */,
				OBJ_103 /* Protocols.swift in Sources */,
				OBJ_104 /* RAML+Include.swift in Sources */,
				5931CA181F1657F300B97672 /* SecuritySchemeUsage.swift in Sources */,
				OBJ_105 /* RAML+LoadFromString.swift in Sources */,
				59F7CC781F1F6E83003DFBAF /* QueryString.swift in Sources */,
				59558E7D1F0687D300EEF042 /* Resource.swift in Sources */,
				OBJ_106 /* RAML.swift in Sources */,
				59D1A08C1F20A19300B5BF80 /* ResourceTypeUsage.swift in Sources */,
				OBJ_107 /* RAMLError.swift in Sources */,
				59D415E61F06D97500247940 /* ResourceHeader.swift in Sources */,
				OBJ_108 /* Type.swift in Sources */,
				59ADB3541F0661C00003B348 /* AnnotationTypeProperty.swift in Sources */,
				OBJ_109 /* Example.swift in Sources */,
				OBJ_110 /* URIParameter.swift in Sources */,
			);
			runOnlyForDeploymentPostprocessing = 0;
		};
/* End PBXSourcesBuildPhase section */

/* Begin PBXTargetDependency section */
		OBJ_115 /* PBXTargetDependency */ = {
			isa = PBXTargetDependency;
			target = OBJ_57 /* Yaml */;
			targetProxy = 590252721F064532004C9AB6 /* PBXContainerItemProxy */;
		};
		OBJ_116 /* PBXTargetDependency */ = {
			isa = PBXTargetDependency;
			target = OBJ_69 /* Spectre */;
			targetProxy = 590252731F064532004C9AB6 /* PBXContainerItemProxy */;
		};
		OBJ_117 /* PBXTargetDependency */ = {
			isa = PBXTargetDependency;
			target = OBJ_83 /* PathKit */;
			targetProxy = 590252741F064532004C9AB6 /* PBXContainerItemProxy */;
		};
		OBJ_135 /* PBXTargetDependency */ = {
			isa = PBXTargetDependency;
			target = OBJ_57 /* Yaml */;
			targetProxy = 590252751F064532004C9AB6 /* PBXContainerItemProxy */;
		};
		OBJ_136 /* PBXTargetDependency */ = {
			isa = PBXTargetDependency;
			target = OBJ_69 /* Spectre */;
			targetProxy = 590252761F064532004C9AB6 /* PBXContainerItemProxy */;
		};
		OBJ_137 /* PBXTargetDependency */ = {
			isa = PBXTargetDependency;
			target = OBJ_83 /* PathKit */;
			targetProxy = 590252771F064532004C9AB6 /* PBXContainerItemProxy */;
		};
		OBJ_138 /* PBXTargetDependency */ = {
			isa = PBXTargetDependency;
			target = OBJ_92 /* RAML */;
			targetProxy = 590252781F064532004C9AB6 /* PBXContainerItemProxy */;
		};
		OBJ_91 /* PBXTargetDependency */ = {
			isa = PBXTargetDependency;
			target = OBJ_69 /* Spectre */;
			targetProxy = 590252711F064532004C9AB6 /* PBXContainerItemProxy */;
		};
/* End PBXTargetDependency section */

/* Begin XCBuildConfiguration section */
		OBJ_120 /* Debug */ = {
			isa = XCBuildConfiguration;
			buildSettings = {
				EMBEDDED_CONTENT_CONTAINS_SWIFT = YES;
				FRAMEWORK_SEARCH_PATHS = (
					"$(inherited)",
					"$(PLATFORM_DIR)/Developer/Library/Frameworks",
				);
				HEADER_SEARCH_PATHS = "$(inherited)";
				INFOPLIST_FILE = RAML.xcodeproj/RAMLTests_Info.plist;
				LD_RUNPATH_SEARCH_PATHS = "@loader_path/../Frameworks @loader_path/Frameworks";
				OTHER_LDFLAGS = "$(inherited)";
				OTHER_SWIFT_FLAGS = "$(inherited)";
				TARGET_NAME = RAMLTests;
			};
			name = Debug;
		};
		OBJ_121 /* Release */ = {
			isa = XCBuildConfiguration;
			buildSettings = {
				EMBEDDED_CONTENT_CONTAINS_SWIFT = YES;
				FRAMEWORK_SEARCH_PATHS = (
					"$(inherited)",
					"$(PLATFORM_DIR)/Developer/Library/Frameworks",
				);
				HEADER_SEARCH_PATHS = "$(inherited)";
				INFOPLIST_FILE = RAML.xcodeproj/RAMLTests_Info.plist;
				LD_RUNPATH_SEARCH_PATHS = "@loader_path/../Frameworks @loader_path/Frameworks";
				OTHER_LDFLAGS = "$(inherited)";
				OTHER_SWIFT_FLAGS = "$(inherited)";
				TARGET_NAME = RAMLTests;
			};
			name = Release;
		};
		OBJ_3 /* Debug */ = {
			isa = XCBuildConfiguration;
			buildSettings = {
				CLANG_ENABLE_OBJC_ARC = YES;
				COMBINE_HIDPI_IMAGES = YES;
				COPY_PHASE_STRIP = NO;
				DEBUG_INFORMATION_FORMAT = dwarf;
				DYLIB_INSTALL_NAME_BASE = "@rpath";
				ENABLE_NS_ASSERTIONS = YES;
				GCC_OPTIMIZATION_LEVEL = 0;
				MACOSX_DEPLOYMENT_TARGET = 10.10;
				ONLY_ACTIVE_ARCH = YES;
				OTHER_SWIFT_FLAGS = "-DXcode";
				PRODUCT_NAME = "$(TARGET_NAME)";
				SDKROOT = macosx;
				SUPPORTED_PLATFORMS = "macosx iphoneos iphonesimulator appletvos appletvsimulator watchos watchsimulator";
				SWIFT_ACTIVE_COMPILATION_CONDITIONS = SWIFT_PACKAGE;
				SWIFT_OPTIMIZATION_LEVEL = "-Onone";
				SWIFT_VERSION = 3.0;
				USE_HEADERMAP = NO;
			};
			name = Debug;
		};
		OBJ_4 /* Release */ = {
			isa = XCBuildConfiguration;
			buildSettings = {
				CLANG_ENABLE_OBJC_ARC = YES;
				COMBINE_HIDPI_IMAGES = YES;
				COPY_PHASE_STRIP = YES;
				DEBUG_INFORMATION_FORMAT = "dwarf-with-dsym";
				DYLIB_INSTALL_NAME_BASE = "@rpath";
				GCC_OPTIMIZATION_LEVEL = s;
				MACOSX_DEPLOYMENT_TARGET = 10.10;
				OTHER_SWIFT_FLAGS = "-DXcode";
				PRODUCT_NAME = "$(TARGET_NAME)";
				SDKROOT = macosx;
				SUPPORTED_PLATFORMS = "macosx iphoneos iphonesimulator appletvos appletvsimulator watchos watchsimulator";
				SWIFT_ACTIVE_COMPILATION_CONDITIONS = SWIFT_PACKAGE;
				SWIFT_OPTIMIZATION_LEVEL = "-Owholemodule";
				SWIFT_VERSION = 3.0;
				USE_HEADERMAP = NO;
			};
			name = Release;
		};
		OBJ_59 /* Debug */ = {
			isa = XCBuildConfiguration;
			buildSettings = {
				ENABLE_TESTABILITY = YES;
				FRAMEWORK_SEARCH_PATHS = (
					"$(inherited)",
					"$(PLATFORM_DIR)/Developer/Library/Frameworks",
				);
				HEADER_SEARCH_PATHS = "$(inherited)";
				INFOPLIST_FILE = RAML.xcodeproj/Yaml_Info.plist;
				LD_RUNPATH_SEARCH_PATHS = "$(TOOLCHAIN_DIR)/usr/lib/swift/macosx";
				OTHER_LDFLAGS = "$(inherited)";
				OTHER_SWIFT_FLAGS = "$(inherited)";
				PRODUCT_BUNDLE_IDENTIFIER = Yaml;
				PRODUCT_MODULE_NAME = "$(TARGET_NAME:c99extidentifier)";
				PRODUCT_NAME = "$(TARGET_NAME:c99extidentifier)";
				SKIP_INSTALL = YES;
				TARGET_NAME = Yaml;
			};
			name = Debug;
		};
		OBJ_60 /* Release */ = {
			isa = XCBuildConfiguration;
			buildSettings = {
				ENABLE_TESTABILITY = YES;
				FRAMEWORK_SEARCH_PATHS = (
					"$(inherited)",
					"$(PLATFORM_DIR)/Developer/Library/Frameworks",
				);
				HEADER_SEARCH_PATHS = "$(inherited)";
				INFOPLIST_FILE = RAML.xcodeproj/Yaml_Info.plist;
				LD_RUNPATH_SEARCH_PATHS = "$(TOOLCHAIN_DIR)/usr/lib/swift/macosx";
				OTHER_LDFLAGS = "$(inherited)";
				OTHER_SWIFT_FLAGS = "$(inherited)";
				PRODUCT_BUNDLE_IDENTIFIER = Yaml;
				PRODUCT_MODULE_NAME = "$(TARGET_NAME:c99extidentifier)";
				PRODUCT_NAME = "$(TARGET_NAME:c99extidentifier)";
				SKIP_INSTALL = YES;
				TARGET_NAME = Yaml;
			};
			name = Release;
		};
		OBJ_71 /* Debug */ = {
			isa = XCBuildConfiguration;
			buildSettings = {
				ENABLE_TESTABILITY = YES;
				FRAMEWORK_SEARCH_PATHS = (
					"$(inherited)",
					"$(PLATFORM_DIR)/Developer/Library/Frameworks",
				);
				HEADER_SEARCH_PATHS = "$(inherited)";
				INFOPLIST_FILE = RAML.xcodeproj/Spectre_Info.plist;
				LD_RUNPATH_SEARCH_PATHS = "$(TOOLCHAIN_DIR)/usr/lib/swift/macosx";
				OTHER_LDFLAGS = "$(inherited)";
				OTHER_SWIFT_FLAGS = "$(inherited)";
				PRODUCT_BUNDLE_IDENTIFIER = Spectre;
				PRODUCT_MODULE_NAME = "$(TARGET_NAME:c99extidentifier)";
				PRODUCT_NAME = "$(TARGET_NAME:c99extidentifier)";
				SKIP_INSTALL = YES;
				TARGET_NAME = Spectre;
			};
			name = Debug;
		};
		OBJ_72 /* Release */ = {
			isa = XCBuildConfiguration;
			buildSettings = {
				ENABLE_TESTABILITY = YES;
				FRAMEWORK_SEARCH_PATHS = (
					"$(inherited)",
					"$(PLATFORM_DIR)/Developer/Library/Frameworks",
				);
				HEADER_SEARCH_PATHS = "$(inherited)";
				INFOPLIST_FILE = RAML.xcodeproj/Spectre_Info.plist;
				LD_RUNPATH_SEARCH_PATHS = "$(TOOLCHAIN_DIR)/usr/lib/swift/macosx";
				OTHER_LDFLAGS = "$(inherited)";
				OTHER_SWIFT_FLAGS = "$(inherited)";
				PRODUCT_BUNDLE_IDENTIFIER = Spectre;
				PRODUCT_MODULE_NAME = "$(TARGET_NAME:c99extidentifier)";
				PRODUCT_NAME = "$(TARGET_NAME:c99extidentifier)";
				SKIP_INSTALL = YES;
				TARGET_NAME = Spectre;
			};
			name = Release;
		};
		OBJ_85 /* Debug */ = {
			isa = XCBuildConfiguration;
			buildSettings = {
				ENABLE_TESTABILITY = YES;
				FRAMEWORK_SEARCH_PATHS = (
					"$(inherited)",
					"$(PLATFORM_DIR)/Developer/Library/Frameworks",
				);
				HEADER_SEARCH_PATHS = "$(inherited)";
				INFOPLIST_FILE = RAML.xcodeproj/PathKit_Info.plist;
				LD_RUNPATH_SEARCH_PATHS = "$(TOOLCHAIN_DIR)/usr/lib/swift/macosx";
				OTHER_LDFLAGS = "$(inherited)";
				OTHER_SWIFT_FLAGS = "$(inherited)";
				PRODUCT_BUNDLE_IDENTIFIER = PathKit;
				PRODUCT_MODULE_NAME = "$(TARGET_NAME:c99extidentifier)";
				PRODUCT_NAME = "$(TARGET_NAME:c99extidentifier)";
				SKIP_INSTALL = YES;
				TARGET_NAME = PathKit;
			};
			name = Debug;
		};
		OBJ_86 /* Release */ = {
			isa = XCBuildConfiguration;
			buildSettings = {
				ENABLE_TESTABILITY = YES;
				FRAMEWORK_SEARCH_PATHS = (
					"$(inherited)",
					"$(PLATFORM_DIR)/Developer/Library/Frameworks",
				);
				HEADER_SEARCH_PATHS = "$(inherited)";
				INFOPLIST_FILE = RAML.xcodeproj/PathKit_Info.plist;
				LD_RUNPATH_SEARCH_PATHS = "$(TOOLCHAIN_DIR)/usr/lib/swift/macosx";
				OTHER_LDFLAGS = "$(inherited)";
				OTHER_SWIFT_FLAGS = "$(inherited)";
				PRODUCT_BUNDLE_IDENTIFIER = PathKit;
				PRODUCT_MODULE_NAME = "$(TARGET_NAME:c99extidentifier)";
				PRODUCT_NAME = "$(TARGET_NAME:c99extidentifier)";
				SKIP_INSTALL = YES;
				TARGET_NAME = PathKit;
			};
			name = Release;
		};
		OBJ_94 /* Debug */ = {
			isa = XCBuildConfiguration;
			buildSettings = {
				ENABLE_TESTABILITY = YES;
				FRAMEWORK_SEARCH_PATHS = (
					"$(inherited)",
					"$(PLATFORM_DIR)/Developer/Library/Frameworks",
				);
				HEADER_SEARCH_PATHS = "$(inherited)";
				INFOPLIST_FILE = RAML.xcodeproj/RAML_Info.plist;
				LD_RUNPATH_SEARCH_PATHS = "$(TOOLCHAIN_DIR)/usr/lib/swift/macosx";
				OTHER_LDFLAGS = "$(inherited)";
				OTHER_SWIFT_FLAGS = "$(inherited)";
				PRODUCT_BUNDLE_IDENTIFIER = RAML;
				PRODUCT_MODULE_NAME = "$(TARGET_NAME:c99extidentifier)";
				PRODUCT_NAME = "$(TARGET_NAME:c99extidentifier)";
				SKIP_INSTALL = YES;
				TARGET_NAME = RAML;
			};
			name = Debug;
		};
		OBJ_95 /* Release */ = {
			isa = XCBuildConfiguration;
			buildSettings = {
				ENABLE_TESTABILITY = YES;
				FRAMEWORK_SEARCH_PATHS = (
					"$(inherited)",
					"$(PLATFORM_DIR)/Developer/Library/Frameworks",
				);
				HEADER_SEARCH_PATHS = "$(inherited)";
				INFOPLIST_FILE = RAML.xcodeproj/RAML_Info.plist;
				LD_RUNPATH_SEARCH_PATHS = "$(TOOLCHAIN_DIR)/usr/lib/swift/macosx";
				OTHER_LDFLAGS = "$(inherited)";
				OTHER_SWIFT_FLAGS = "$(inherited)";
				PRODUCT_BUNDLE_IDENTIFIER = RAML;
				PRODUCT_MODULE_NAME = "$(TARGET_NAME:c99extidentifier)";
				PRODUCT_NAME = "$(TARGET_NAME:c99extidentifier)";
				SKIP_INSTALL = YES;
				TARGET_NAME = RAML;
			};
			name = Release;
		};
/* End XCBuildConfiguration section */

/* Begin XCConfigurationList section */
		OBJ_119 /* Build configuration list for PBXNativeTarget "RAMLTests" */ = {
			isa = XCConfigurationList;
			buildConfigurations = (
				OBJ_120 /* Debug */,
				OBJ_121 /* Release */,
			);
			defaultConfigurationIsVisible = 0;
			defaultConfigurationName = Debug;
		};
		OBJ_2 /* Build configuration list for PBXProject "RAML" */ = {
			isa = XCConfigurationList;
			buildConfigurations = (
				OBJ_3 /* Debug */,
				OBJ_4 /* Release */,
			);
			defaultConfigurationIsVisible = 0;
			defaultConfigurationName = Debug;
		};
		OBJ_58 /* Build configuration list for PBXNativeTarget "Yaml" */ = {
			isa = XCConfigurationList;
			buildConfigurations = (
				OBJ_59 /* Debug */,
				OBJ_60 /* Release */,
			);
			defaultConfigurationIsVisible = 0;
			defaultConfigurationName = Debug;
		};
		OBJ_70 /* Build configuration list for PBXNativeTarget "Spectre" */ = {
			isa = XCConfigurationList;
			buildConfigurations = (
				OBJ_71 /* Debug */,
				OBJ_72 /* Release */,
			);
			defaultConfigurationIsVisible = 0;
			defaultConfigurationName = Debug;
		};
		OBJ_84 /* Build configuration list for PBXNativeTarget "PathKit" */ = {
			isa = XCConfigurationList;
			buildConfigurations = (
				OBJ_85 /* Debug */,
				OBJ_86 /* Release */,
			);
			defaultConfigurationIsVisible = 0;
			defaultConfigurationName = Debug;
		};
		OBJ_93 /* Build configuration list for PBXNativeTarget "RAML" */ = {
			isa = XCConfigurationList;
			buildConfigurations = (
				OBJ_94 /* Debug */,
				OBJ_95 /* Release */,
			);
			defaultConfigurationIsVisible = 0;
			defaultConfigurationName = Debug;
		};
/* End XCConfigurationList section */
	};
	rootObject = OBJ_1 /* Project object */;
}
